// !$*UTF8*$!
{
	archiveVersion = 1;
	classes = {
	};
	objectVersion = 46;
	objects = {

/* Begin PBXBuildFile section */
		0607C49D1E1DC505000D84AB /* AppDelegate.swift in Sources */ = {isa = PBXBuildFile; fileRef = 0607C49C1E1DC505000D84AB /* AppDelegate.swift */; };
		0607C49F1E1DC505000D84AB /* LoginViewController.swift in Sources */ = {isa = PBXBuildFile; fileRef = 0607C49E1E1DC505000D84AB /* LoginViewController.swift */; };
		0607C4A21E1DC505000D84AB /* Main.storyboard in Resources */ = {isa = PBXBuildFile; fileRef = 0607C4A01E1DC505000D84AB /* Main.storyboard */; };
		0607C4A41E1DC505000D84AB /* Assets.xcassets in Resources */ = {isa = PBXBuildFile; fileRef = 0607C4A31E1DC505000D84AB /* Assets.xcassets */; };
		0607C4A71E1DC505000D84AB /* LaunchScreen.storyboard in Resources */ = {isa = PBXBuildFile; fileRef = 0607C4A51E1DC505000D84AB /* LaunchScreen.storyboard */; };
		0607C4B21E1DC505000D84AB /* OnTheMapTests.swift in Sources */ = {isa = PBXBuildFile; fileRef = 0607C4B11E1DC505000D84AB /* OnTheMapTests.swift */; };
		0607C4C01E25605A000D84AB /* UdacityClient.swift in Sources */ = {isa = PBXBuildFile; fileRef = 0607C4BF1E25605A000D84AB /* UdacityClient.swift */; };
		0607C4C21E2560BF000D84AB /* UdacityConstants.swift in Sources */ = {isa = PBXBuildFile; fileRef = 0607C4C11E2560BF000D84AB /* UdacityConstants.swift */; };
		0607C4C61E257068000D84AB /* UdacityConvenience.swift in Sources */ = {isa = PBXBuildFile; fileRef = 0607C4C51E257068000D84AB /* UdacityConvenience.swift */; };
		063F015A1E3969EC00D7A9C8 /* MapViewController.swift in Sources */ = {isa = PBXBuildFile; fileRef = 063F01591E3969EC00D7A9C8 /* MapViewController.swift */; };
		063F015D1E3AB39C00D7A9C8 /* ParseClient.swift in Sources */ = {isa = PBXBuildFile; fileRef = 063F015C1E3AB39C00D7A9C8 /* ParseClient.swift */; };
		063F015F1E3AB3B800D7A9C8 /* ParseConvenience.swift in Sources */ = {isa = PBXBuildFile; fileRef = 063F015E1E3AB3B800D7A9C8 /* ParseConvenience.swift */; };
		063F01611E3AB3C600D7A9C8 /* ParseConstants.swift in Sources */ = {isa = PBXBuildFile; fileRef = 063F01601E3AB3C600D7A9C8 /* ParseConstants.swift */; };
		063F01631E3AC18E00D7A9C8 /* Students.swift in Sources */ = {isa = PBXBuildFile; fileRef = 063F01621E3AC18E00D7A9C8 /* Students.swift */; };
		0651F9B21E512556008A70A3 /* JSONParser.swift in Sources */ = {isa = PBXBuildFile; fileRef = 0651F9B11E512556008A70A3 /* JSONParser.swift */; };
		0651F9B41E56775F008A70A3 /* URLVerification+Alert.swift in Sources */ = {isa = PBXBuildFile; fileRef = 0651F9B31E56775E008A70A3 /* URLVerification+Alert.swift */; };
		0651F9B61E5E367D008A70A3 /* StudentDataSource.swift in Sources */ = {isa = PBXBuildFile; fileRef = 0651F9B51E5E367D008A70A3 /* StudentDataSource.swift */; };
		066E80281E41685000E6F93C /* ListViewController.swift in Sources */ = {isa = PBXBuildFile; fileRef = 066E80271E41685000E6F93C /* ListViewController.swift */; };
		066E802F1E429E1600E6F93C /* MapKit.framework in Frameworks */ = {isa = PBXBuildFile; fileRef = 066E802E1E429E1600E6F93C /* MapKit.framework */; };
		066E80311E42D48400E6F93C /* StudentAnnotation.swift in Sources */ = {isa = PBXBuildFile; fileRef = 066E80301E42D48400E6F93C /* StudentAnnotation.swift */; };
		066E80331E42E58800E6F93C /* StudentCell.swift in Sources */ = {isa = PBXBuildFile; fileRef = 066E80321E42E58800E6F93C /* StudentCell.swift */; };
		066E80351E430A0600E6F93C /* WebViewController.swift in Sources */ = {isa = PBXBuildFile; fileRef = 066E80341E430A0600E6F93C /* WebViewController.swift */; };
		066E80371E43199700E6F93C /* PostInfoViewController.swift in Sources */ = {isa = PBXBuildFile; fileRef = 066E80361E43199700E6F93C /* PostInfoViewController.swift */; };
/* End PBXBuildFile section */

/* Begin PBXContainerItemProxy section */
		0607C4AE1E1DC505000D84AB /* PBXContainerItemProxy */ = {
			isa = PBXContainerItemProxy;
			containerPortal = 0607C4911E1DC505000D84AB /* Project object */;
			proxyType = 1;
			remoteGlobalIDString = 0607C4981E1DC505000D84AB;
			remoteInfo = OnTheMap;
		};
/* End PBXContainerItemProxy section */

/* Begin PBXFileReference section */
		0607C4991E1DC505000D84AB /* OnTheMap.app */ = {isa = PBXFileReference; explicitFileType = wrapper.application; includeInIndex = 0; path = OnTheMap.app; sourceTree = BUILT_PRODUCTS_DIR; };
		0607C49C1E1DC505000D84AB /* AppDelegate.swift */ = {isa = PBXFileReference; lastKnownFileType = sourcecode.swift; path = AppDelegate.swift; sourceTree = "<group>"; };
		0607C49E1E1DC505000D84AB /* LoginViewController.swift */ = {isa = PBXFileReference; lastKnownFileType = sourcecode.swift; path = LoginViewController.swift; sourceTree = "<group>"; };
		0607C4A11E1DC505000D84AB /* Base */ = {isa = PBXFileReference; lastKnownFileType = file.storyboard; name = Base; path = Base.lproj/Main.storyboard; sourceTree = "<group>"; };
		0607C4A31E1DC505000D84AB /* Assets.xcassets */ = {isa = PBXFileReference; lastKnownFileType = folder.assetcatalog; path = Assets.xcassets; sourceTree = "<group>"; };
		0607C4A61E1DC505000D84AB /* Base */ = {isa = PBXFileReference; lastKnownFileType = file.storyboard; name = Base; path = Base.lproj/LaunchScreen.storyboard; sourceTree = "<group>"; };
		0607C4A81E1DC505000D84AB /* Info.plist */ = {isa = PBXFileReference; lastKnownFileType = text.plist.xml; path = Info.plist; sourceTree = "<group>"; };
		0607C4AD1E1DC505000D84AB /* OnTheMapTests.xctest */ = {isa = PBXFileReference; explicitFileType = wrapper.cfbundle; includeInIndex = 0; path = OnTheMapTests.xctest; sourceTree = BUILT_PRODUCTS_DIR; };
		0607C4B11E1DC505000D84AB /* OnTheMapTests.swift */ = {isa = PBXFileReference; lastKnownFileType = sourcecode.swift; path = OnTheMapTests.swift; sourceTree = "<group>"; };
		0607C4B31E1DC505000D84AB /* Info.plist */ = {isa = PBXFileReference; lastKnownFileType = text.plist.xml; path = Info.plist; sourceTree = "<group>"; };
		0607C4BF1E25605A000D84AB /* UdacityClient.swift */ = {isa = PBXFileReference; fileEncoding = 4; lastKnownFileType = sourcecode.swift; path = UdacityClient.swift; sourceTree = "<group>"; };
		0607C4C11E2560BF000D84AB /* UdacityConstants.swift */ = {isa = PBXFileReference; fileEncoding = 4; lastKnownFileType = sourcecode.swift; path = UdacityConstants.swift; sourceTree = "<group>"; };
		0607C4C51E257068000D84AB /* UdacityConvenience.swift */ = {isa = PBXFileReference; fileEncoding = 4; lastKnownFileType = sourcecode.swift; path = UdacityConvenience.swift; sourceTree = "<group>"; };
		063F01591E3969EC00D7A9C8 /* MapViewController.swift */ = {isa = PBXFileReference; fileEncoding = 4; lastKnownFileType = sourcecode.swift; path = MapViewController.swift; sourceTree = "<group>"; };
		063F015C1E3AB39C00D7A9C8 /* ParseClient.swift */ = {isa = PBXFileReference; fileEncoding = 4; lastKnownFileType = sourcecode.swift; path = ParseClient.swift; sourceTree = "<group>"; };
		063F015E1E3AB3B800D7A9C8 /* ParseConvenience.swift */ = {isa = PBXFileReference; fileEncoding = 4; lastKnownFileType = sourcecode.swift; path = ParseConvenience.swift; sourceTree = "<group>"; };
		063F01601E3AB3C600D7A9C8 /* ParseConstants.swift */ = {isa = PBXFileReference; fileEncoding = 4; lastKnownFileType = sourcecode.swift; path = ParseConstants.swift; sourceTree = "<group>"; };
		063F01621E3AC18E00D7A9C8 /* Students.swift */ = {isa = PBXFileReference; fileEncoding = 4; lastKnownFileType = sourcecode.swift; path = Students.swift; sourceTree = "<group>"; };
		0651F9B11E512556008A70A3 /* JSONParser.swift */ = {isa = PBXFileReference; fileEncoding = 4; lastKnownFileType = sourcecode.swift; path = JSONParser.swift; sourceTree = "<group>"; };
		0651F9B31E56775E008A70A3 /* URLVerification+Alert.swift */ = {isa = PBXFileReference; fileEncoding = 4; lastKnownFileType = sourcecode.swift; path = "URLVerification+Alert.swift"; sourceTree = "<group>"; };
		0651F9B51E5E367D008A70A3 /* StudentDataSource.swift */ = {isa = PBXFileReference; fileEncoding = 4; lastKnownFileType = sourcecode.swift; path = StudentDataSource.swift; sourceTree = "<group>"; };
		066E80271E41685000E6F93C /* ListViewController.swift */ = {isa = PBXFileReference; fileEncoding = 4; lastKnownFileType = sourcecode.swift; path = ListViewController.swift; sourceTree = "<group>"; };
		066E802E1E429E1600E6F93C /* MapKit.framework */ = {isa = PBXFileReference; lastKnownFileType = wrapper.framework; name = MapKit.framework; path = System/Library/Frameworks/MapKit.framework; sourceTree = SDKROOT; };
		066E80301E42D48400E6F93C /* StudentAnnotation.swift */ = {isa = PBXFileReference; fileEncoding = 4; lastKnownFileType = sourcecode.swift; path = StudentAnnotation.swift; sourceTree = "<group>"; };
		066E80321E42E58800E6F93C /* StudentCell.swift */ = {isa = PBXFileReference; fileEncoding = 4; lastKnownFileType = sourcecode.swift; path = StudentCell.swift; sourceTree = "<group>"; };
		066E80341E430A0600E6F93C /* WebViewController.swift */ = {isa = PBXFileReference; fileEncoding = 4; lastKnownFileType = sourcecode.swift; path = WebViewController.swift; sourceTree = "<group>"; };
		066E80361E43199700E6F93C /* PostInfoViewController.swift */ = {isa = PBXFileReference; fileEncoding = 4; lastKnownFileType = sourcecode.swift; path = PostInfoViewController.swift; sourceTree = "<group>"; };
/* End PBXFileReference section */

/* Begin PBXFrameworksBuildPhase section */
		0607C4961E1DC505000D84AB /* Frameworks */ = {
			isa = PBXFrameworksBuildPhase;
			buildActionMask = 2147483647;
			files = (
				066E802F1E429E1600E6F93C /* MapKit.framework in Frameworks */,
			);
			runOnlyForDeploymentPostprocessing = 0;
		};
		0607C4AA1E1DC505000D84AB /* Frameworks */ = {
			isa = PBXFrameworksBuildPhase;
			buildActionMask = 2147483647;
			files = (
			);
			runOnlyForDeploymentPostprocessing = 0;
		};
/* End PBXFrameworksBuildPhase section */

/* Begin PBXGroup section */
		0607C4901E1DC505000D84AB = {
			isa = PBXGroup;
			children = (
				0607C49B1E1DC505000D84AB /* OnTheMap */,
				0607C4B01E1DC505000D84AB /* OnTheMapTests */,
				0607C49A1E1DC505000D84AB /* Products */,
				066E802D1E429E1600E6F93C /* Frameworks */,
			);
			sourceTree = "<group>";
		};
		0607C49A1E1DC505000D84AB /* Products */ = {
			isa = PBXGroup;
			children = (
				0607C4991E1DC505000D84AB /* OnTheMap.app */,
				0607C4AD1E1DC505000D84AB /* OnTheMapTests.xctest */,
			);
			name = Products;
			sourceTree = "<group>";
		};
		0607C49B1E1DC505000D84AB /* OnTheMap */ = {
			isa = PBXGroup;
			children = (
				0607C49C1E1DC505000D84AB /* AppDelegate.swift */,
				0607C4BD1E256004000D84AB /* Model */,
				0607C4BE1E25600A000D84AB /* View */,
				0607C4BC1E255FFA000D84AB /* Controller */,
				0607C4A01E1DC505000D84AB /* Main.storyboard */,
				0607C4A31E1DC505000D84AB /* Assets.xcassets */,
				0607C4A51E1DC505000D84AB /* LaunchScreen.storyboard */,
				0607C4A81E1DC505000D84AB /* Info.plist */,
			);
			path = OnTheMap;
			sourceTree = "<group>";
		};
		0607C4B01E1DC505000D84AB /* OnTheMapTests */ = {
			isa = PBXGroup;
			children = (
				0607C4B11E1DC505000D84AB /* OnTheMapTests.swift */,
				0607C4B31E1DC505000D84AB /* Info.plist */,
			);
			path = OnTheMapTests;
			sourceTree = "<group>";
		};
		0607C4BC1E255FFA000D84AB /* Controller */ = {
			isa = PBXGroup;
			children = (
				0607C49E1E1DC505000D84AB /* LoginViewController.swift */,
				063F01591E3969EC00D7A9C8 /* MapViewController.swift */,
				066E80271E41685000E6F93C /* ListViewController.swift */,
				066E80341E430A0600E6F93C /* WebViewController.swift */,
				066E80361E43199700E6F93C /* PostInfoViewController.swift */,
			);
			name = Controller;
			sourceTree = "<group>";
		};
		0607C4BD1E256004000D84AB /* Model */ = {
			isa = PBXGroup;
			children = (
				0607C4C31E256B33000D84AB /* Udacity API */,
				0607C4C41E256B3B000D84AB /* Parse API */,
				063F01621E3AC18E00D7A9C8 /* Students.swift */,
				0651F9B11E512556008A70A3 /* JSONParser.swift */,
				0651F9B31E56775E008A70A3 /* URLVerification+Alert.swift */,
				0651F9B51E5E367D008A70A3 /* StudentDataSource.swift */,
			);
			name = Model;
			sourceTree = "<group>";
		};
		0607C4BE1E25600A000D84AB /* View */ = {
			isa = PBXGroup;
			children = (
				066E80301E42D48400E6F93C /* StudentAnnotation.swift */,
				066E80321E42E58800E6F93C /* StudentCell.swift */,
			);
			name = View;
			sourceTree = "<group>";
		};
		0607C4C31E256B33000D84AB /* Udacity API */ = {
			isa = PBXGroup;
			children = (
				0607C4BF1E25605A000D84AB /* UdacityClient.swift */,
				0607C4C51E257068000D84AB /* UdacityConvenience.swift */,
				0607C4C11E2560BF000D84AB /* UdacityConstants.swift */,
			);
			name = "Udacity API";
			sourceTree = "<group>";
		};
		0607C4C41E256B3B000D84AB /* Parse API */ = {
			isa = PBXGroup;
			children = (
				063F015C1E3AB39C00D7A9C8 /* ParseClient.swift */,
				063F015E1E3AB3B800D7A9C8 /* ParseConvenience.swift */,
				063F01601E3AB3C600D7A9C8 /* ParseConstants.swift */,
			);
			name = "Parse API";
			sourceTree = "<group>";
		};
		066E802D1E429E1600E6F93C /* Frameworks */ = {
			isa = PBXGroup;
			children = (
				066E802E1E429E1600E6F93C /* MapKit.framework */,
			);
			name = Frameworks;
			sourceTree = "<group>";
		};
/* End PBXGroup section */

/* Begin PBXNativeTarget section */
		0607C4981E1DC505000D84AB /* OnTheMap */ = {
			isa = PBXNativeTarget;
			buildConfigurationList = 0607C4B61E1DC505000D84AB /* Build configuration list for PBXNativeTarget "OnTheMap" */;
			buildPhases = (
				0607C4951E1DC505000D84AB /* Sources */,
				0607C4961E1DC505000D84AB /* Frameworks */,
				0607C4971E1DC505000D84AB /* Resources */,
			);
			buildRules = (
			);
			dependencies = (
			);
			name = OnTheMap;
			productName = OnTheMap;
			productReference = 0607C4991E1DC505000D84AB /* OnTheMap.app */;
			productType = "com.apple.product-type.application";
		};
		0607C4AC1E1DC505000D84AB /* OnTheMapTests */ = {
			isa = PBXNativeTarget;
			buildConfigurationList = 0607C4B91E1DC505000D84AB /* Build configuration list for PBXNativeTarget "OnTheMapTests" */;
			buildPhases = (
				0607C4A91E1DC505000D84AB /* Sources */,
				0607C4AA1E1DC505000D84AB /* Frameworks */,
				0607C4AB1E1DC505000D84AB /* Resources */,
			);
			buildRules = (
			);
			dependencies = (
				0607C4AF1E1DC505000D84AB /* PBXTargetDependency */,
			);
			name = OnTheMapTests;
			productName = OnTheMapTests;
			productReference = 0607C4AD1E1DC505000D84AB /* OnTheMapTests.xctest */;
			productType = "com.apple.product-type.bundle.unit-test";
		};
/* End PBXNativeTarget section */

/* Begin PBXProject section */
		0607C4911E1DC505000D84AB /* Project object */ = {
			isa = PBXProject;
			attributes = {
				LastSwiftUpdateCheck = 0800;
				LastUpgradeCheck = 0820;
				ORGANIZATIONNAME = "Edvin Lellhame";
				TargetAttributes = {
					0607C4981E1DC505000D84AB = {
						CreatedOnToolsVersion = 8.0;
						DevelopmentTeam = Z928ALPHEA;
						ProvisioningStyle = Automatic;
					};
					0607C4AC1E1DC505000D84AB = {
						CreatedOnToolsVersion = 8.0;
						DevelopmentTeam = Z928ALPHEA;
						ProvisioningStyle = Automatic;
						TestTargetID = 0607C4981E1DC505000D84AB;
					};
				};
			};
			buildConfigurationList = 0607C4941E1DC505000D84AB /* Build configuration list for PBXProject "OnTheMap" */;
			compatibilityVersion = "Xcode 3.2";
			developmentRegion = English;
			hasScannedForEncodings = 0;
			knownRegions = (
				en,
				Base,
			);
			mainGroup = 0607C4901E1DC505000D84AB;
			productRefGroup = 0607C49A1E1DC505000D84AB /* Products */;
			projectDirPath = "";
			projectRoot = "";
			targets = (
				0607C4981E1DC505000D84AB /* OnTheMap */,
				0607C4AC1E1DC505000D84AB /* OnTheMapTests */,
			);
		};
/* End PBXProject section */

/* Begin PBXResourcesBuildPhase section */
		0607C4971E1DC505000D84AB /* Resources */ = {
			isa = PBXResourcesBuildPhase;
			buildActionMask = 2147483647;
			files = (
				0607C4A71E1DC505000D84AB /* LaunchScreen.storyboard in Resources */,
				0607C4A41E1DC505000D84AB /* Assets.xcassets in Resources */,
				0607C4A21E1DC505000D84AB /* Main.storyboard in Resources */,
			);
			runOnlyForDeploymentPostprocessing = 0;
		};
		0607C4AB1E1DC505000D84AB /* Resources */ = {
			isa = PBXResourcesBuildPhase;
			buildActionMask = 2147483647;
			files = (
			);
			runOnlyForDeploymentPostprocessing = 0;
		};
/* End PBXResourcesBuildPhase section */

/* Begin PBXSourcesBuildPhase section */
		0607C4951E1DC505000D84AB /* Sources */ = {
			isa = PBXSourcesBuildPhase;
			buildActionMask = 2147483647;
			files = (
				0607C49F1E1DC505000D84AB /* LoginViewController.swift in Sources */,
				063F015F1E3AB3B800D7A9C8 /* ParseConvenience.swift in Sources */,
				0651F9B21E512556008A70A3 /* JSONParser.swift in Sources */,
				0607C49D1E1DC505000D84AB /* AppDelegate.swift in Sources */,
				0651F9B61E5E367D008A70A3 /* StudentDataSource.swift in Sources */,
				0651F9B41E56775F008A70A3 /* URLVerification+Alert.swift in Sources */,
				066E80371E43199700E6F93C /* PostInfoViewController.swift in Sources */,
				063F015D1E3AB39C00D7A9C8 /* ParseClient.swift in Sources */,
				0607C4C01E25605A000D84AB /* UdacityClient.swift in Sources */,
				063F01611E3AB3C600D7A9C8 /* ParseConstants.swift in Sources */,
				066E80331E42E58800E6F93C /* StudentCell.swift in Sources */,
				0607C4C61E257068000D84AB /* UdacityConvenience.swift in Sources */,
				063F01631E3AC18E00D7A9C8 /* Students.swift in Sources */,
				063F015A1E3969EC00D7A9C8 /* MapViewController.swift in Sources */,
				066E80311E42D48400E6F93C /* StudentAnnotation.swift in Sources */,
				066E80351E430A0600E6F93C /* WebViewController.swift in Sources */,
				066E80281E41685000E6F93C /* ListViewController.swift in Sources */,
				0607C4C21E2560BF000D84AB /* UdacityConstants.swift in Sources */,
			);
			runOnlyForDeploymentPostprocessing = 0;
		};
		0607C4A91E1DC505000D84AB /* Sources */ = {
			isa = PBXSourcesBuildPhase;
			buildActionMask = 2147483647;
			files = (
				0607C4B21E1DC505000D84AB /* OnTheMapTests.swift in Sources */,
			);
			runOnlyForDeploymentPostprocessing = 0;
		};
/* End PBXSourcesBuildPhase section */

/* Begin PBXTargetDependency section */
		0607C4AF1E1DC505000D84AB /* PBXTargetDependency */ = {
			isa = PBXTargetDependency;
			target = 0607C4981E1DC505000D84AB /* OnTheMap */;
			targetProxy = 0607C4AE1E1DC505000D84AB /* PBXContainerItemProxy */;
		};
/* End PBXTargetDependency section */

/* Begin PBXVariantGroup section */
		0607C4A01E1DC505000D84AB /* Main.storyboard */ = {
			isa = PBXVariantGroup;
			children = (
				0607C4A11E1DC505000D84AB /* Base */,
			);
			name = Main.storyboard;
			sourceTree = "<group>";
		};
		0607C4A51E1DC505000D84AB /* LaunchScreen.storyboard */ = {
			isa = PBXVariantGroup;
			children = (
				0607C4A61E1DC505000D84AB /* Base */,
			);
			name = LaunchScreen.storyboard;
			sourceTree = "<group>";
		};
/* End PBXVariantGroup section */

/* Begin XCBuildConfiguration section */
		0607C4B41E1DC505000D84AB /* Debug */ = {
			isa = XCBuildConfiguration;
			buildSettings = {
				ALWAYS_SEARCH_USER_PATHS = NO;
				CLANG_ANALYZER_NONNULL = YES;
				CLANG_CXX_LANGUAGE_STANDARD = "gnu++0x";
				CLANG_CXX_LIBRARY = "libc++";
				CLANG_ENABLE_MODULES = YES;
				CLANG_ENABLE_OBJC_ARC = YES;
				CLANG_WARN_BOOL_CONVERSION = YES;
				CLANG_WARN_CONSTANT_CONVERSION = YES;
				CLANG_WARN_DIRECT_OBJC_ISA_USAGE = YES_ERROR;
				CLANG_WARN_DOCUMENTATION_COMMENTS = YES;
				CLANG_WARN_EMPTY_BODY = YES;
				CLANG_WARN_ENUM_CONVERSION = YES;
				CLANG_WARN_INFINITE_RECURSION = YES;
				CLANG_WARN_INT_CONVERSION = YES;
				CLANG_WARN_OBJC_ROOT_CLASS = YES_ERROR;
				CLANG_WARN_SUSPICIOUS_MOVE = YES;
				CLANG_WARN_SUSPICIOUS_MOVES = YES;
				CLANG_WARN_UNREACHABLE_CODE = YES;
				CLANG_WARN__DUPLICATE_METHOD_MATCH = YES;
				"CODE_SIGN_IDENTITY[sdk=iphoneos*]" = "iPhone Developer";
				COPY_PHASE_STRIP = NO;
				DEBUG_INFORMATION_FORMAT = dwarf;
				ENABLE_STRICT_OBJC_MSGSEND = YES;
				ENABLE_TESTABILITY = YES;
				GCC_C_LANGUAGE_STANDARD = gnu99;
				GCC_DYNAMIC_NO_PIC = NO;
				GCC_NO_COMMON_BLOCKS = YES;
				GCC_OPTIMIZATION_LEVEL = 0;
				GCC_PREPROCESSOR_DEFINITIONS = (
					"DEBUG=1",
					"$(inherited)",
				);
				GCC_WARN_64_TO_32_BIT_CONVERSION = YES;
				GCC_WARN_ABOUT_RETURN_TYPE = YES_ERROR;
				GCC_WARN_UNDECLARED_SELECTOR = YES;
				GCC_WARN_UNINITIALIZED_AUTOS = YES_AGGRESSIVE;
				GCC_WARN_UNUSED_FUNCTION = YES;
				GCC_WARN_UNUSED_VARIABLE = YES;
				IPHONEOS_DEPLOYMENT_TARGET = 10.0;
				MTL_ENABLE_DEBUG_INFO = YES;
				ONLY_ACTIVE_ARCH = YES;
				SDKROOT = iphoneos;
				SWIFT_ACTIVE_COMPILATION_CONDITIONS = DEBUG;
				SWIFT_OPTIMIZATION_LEVEL = "-Onone";
			};
			name = Debug;
		};
		0607C4B51E1DC505000D84AB /* Release */ = {
			isa = XCBuildConfiguration;
			buildSettings = {
				ALWAYS_SEARCH_USER_PATHS = NO;
				CLANG_ANALYZER_NONNULL = YES;
				CLANG_CXX_LANGUAGE_STANDARD = "gnu++0x";
				CLANG_CXX_LIBRARY = "libc++";
				CLANG_ENABLE_MODULES = YES;
				CLANG_ENABLE_OBJC_ARC = YES;
				CLANG_WARN_BOOL_CONVERSION = YES;
				CLANG_WARN_CONSTANT_CONVERSION = YES;
				CLANG_WARN_DIRECT_OBJC_ISA_USAGE = YES_ERROR;
				CLANG_WARN_DOCUMENTATION_COMMENTS = YES;
				CLANG_WARN_EMPTY_BODY = YES;
				CLANG_WARN_ENUM_CONVERSION = YES;
				CLANG_WARN_INFINITE_RECURSION = YES;
				CLANG_WARN_INT_CONVERSION = YES;
				CLANG_WARN_OBJC_ROOT_CLASS = YES_ERROR;
				CLANG_WARN_SUSPICIOUS_MOVE = YES;
				CLANG_WARN_SUSPICIOUS_MOVES = YES;
				CLANG_WARN_UNREACHABLE_CODE = YES;
				CLANG_WARN__DUPLICATE_METHOD_MATCH = YES;
				"CODE_SIGN_IDENTITY[sdk=iphoneos*]" = "iPhone Developer";
				COPY_PHASE_STRIP = NO;
				DEBUG_INFORMATION_FORMAT = "dwarf-with-dsym";
				ENABLE_NS_ASSERTIONS = NO;
				ENABLE_STRICT_OBJC_MSGSEND = YES;
				GCC_C_LANGUAGE_STANDARD = gnu99;
				GCC_NO_COMMON_BLOCKS = YES;
				GCC_WARN_64_TO_32_BIT_CONVERSION = YES;
				GCC_WARN_ABOUT_RETURN_TYPE = YES_ERROR;
				GCC_WARN_UNDECLARED_SELECTOR = YES;
				GCC_WARN_UNINITIALIZED_AUTOS = YES_AGGRESSIVE;
				GCC_WARN_UNUSED_FUNCTION = YES;
				GCC_WARN_UNUSED_VARIABLE = YES;
				IPHONEOS_DEPLOYMENT_TARGET = 10.0;
				MTL_ENABLE_DEBUG_INFO = NO;
				SDKROOT = iphoneos;
				SWIFT_OPTIMIZATION_LEVEL = "-Owholemodule";
				VALIDATE_PRODUCT = YES;
			};
			name = Release;
		};
		0607C4B71E1DC505000D84AB /* Debug */ = {
			isa = XCBuildConfiguration;
			buildSettings = {
				ASSETCATALOG_COMPILER_APPICON_NAME = AppIcon;
				DEVELOPMENT_TEAM = Z928ALPHEA;
				INFOPLIST_FILE = OnTheMap/Info.plist;
				LD_RUNPATH_SEARCH_PATHS = "$(inherited) @executable_path/Frameworks";
				PRODUCT_BUNDLE_IDENTIFIER = com.edvinlellhame.OnTheMap;
				PRODUCT_NAME = "$(TARGET_NAME)";
				SWIFT_VERSION = 3.0;
			};
			name = Debug;
		};
		0607C4B81E1DC505000D84AB /* Release */ = {
			isa = XCBuildConfiguration;
			buildSettings = {
				ASSETCATALOG_COMPILER_APPICON_NAME = AppIcon;
				DEVELOPMENT_TEAM = Z928ALPHEA;
				INFOPLIST_FILE = OnTheMap/Info.plist;
				LD_RUNPATH_SEARCH_PATHS = "$(inherited) @executable_path/Frameworks";
				PRODUCT_BUNDLE_IDENTIFIER = com.edvinlellhame.OnTheMap;
				PRODUCT_NAME = "$(TARGET_NAME)";
				SWIFT_VERSION = 3.0;
			};
			name = Release;
		};
		0607C4BA1E1DC505000D84AB /* Debug */ = {
			isa = XCBuildConfiguration;
			buildSettings = {
				ALWAYS_EMBED_SWIFT_STANDARD_LIBRARIES = YES;
				BUNDLE_LOADER = "$(TEST_HOST)";
				DEVELOPMENT_TEAM = Z928ALPHEA;
				INFOPLIST_FILE = OnTheMapTests/Info.plist;
				LD_RUNPATH_SEARCH_PATHS = "$(inherited) @executable_path/Frameworks @loader_path/Frameworks";
				PRODUCT_BUNDLE_IDENTIFIER = com.edvinlellhame.OnTheMapTests;
				PRODUCT_NAME = "$(TARGET_NAME)";
				SWIFT_VERSION = 3.0;
				TEST_HOST = "$(BUILT_PRODUCTS_DIR)/OnTheMap.app/OnTheMap";
			};
			name = Debug;
		};
		0607C4BB1E1DC505000D84AB /* Release */ = {
			isa = XCBuildConfiguration;
			buildSettings = {
				ALWAYS_EMBED_SWIFT_STANDARD_LIBRARIES = YES;
				BUNDLE_LOADER = "$(TEST_HOST)";
				DEVELOPMENT_TEAM = Z928ALPHEA;
				INFOPLIST_FILE = OnTheMapTests/Info.plist;
				LD_RUNPATH_SEARCH_PATHS = "$(inherited) @executable_path/Frameworks @loader_path/Frameworks";
				PRODUCT_BUNDLE_IDENTIFIER = com.edvinlellhame.OnTheMapTests;
				PRODUCT_NAME = "$(TARGET_NAME)";
				SWIFT_VERSION = 3.0;
				TEST_HOST = "$(BUILT_PRODUCTS_DIR)/OnTheMap.app/OnTheMap";
			};
			name = Release;
		};
/* End XCBuildConfiguration section */

/* Begin XCConfigurationList section */
		0607C4941E1DC505000D84AB /* Build configuration list for PBXProject "OnTheMap" */ = {
			isa = XCConfigurationList;
			buildConfigurations = (
				0607C4B41E1DC505000D84AB /* Debug */,
				0607C4B51E1DC505000D84AB /* Release */,
			);
			defaultConfigurationIsVisible = 0;
			defaultConfigurationName = Release;
		};
		0607C4B61E1DC505000D84AB /* Build configuration list for PBXNativeTarget "OnTheMap" */ = {
			isa = XCConfigurationList;
			buildConfigurations = (
				0607C4B71E1DC505000D84AB /* Debug */,
				0607C4B81E1DC505000D84AB /* Release */,
			);
			defaultConfigurationIsVisible = 0;
			defaultConfigurationName = Release;
		};
		0607C4B91E1DC505000D84AB /* Build configuration list for PBXNativeTarget "OnTheMapTests" */ = {
			isa = XCConfigurationList;
			buildConfigurations = (
				0607C4BA1E1DC505000D84AB /* Debug */,
				0607C4BB1E1DC505000D84AB /* Release */,
			);
			defaultConfigurationIsVisible = 0;
			defaultConfigurationName = Release;
		};
/* End XCConfigurationList section */
	};
	rootObject = 0607C4911E1DC505000D84AB /* Project object */;
}
